
Microsoft Visual Studio Solution File, Format Version 12.00
# Visual Studio Version 17
VisualStudioVersion = 17.7.34031.279
MinimumVisualStudioVersion = 10.0.40219.1
Project("{FAE04EC0-301F-11D3-BF4B-00C04F79EFBC}") = "Geolocalización 4B", "Geolocalización 4B.csproj", "{A14C7EA8-3DEC-4B6B-BF93-DB9007DFB0E4}"
EndProject
Global
	GlobalSection(SolutionConfigurationPlatforms) = preSolution
		Debug|Any CPU = Debug|Any CPU
		Release|Any CPU = Release|Any CPU
	EndGlobalSection
	GlobalSection(ProjectConfigurationPlatforms) = postSolution
		{A14C7EA8-3DEC-4B6B-BF93-DB9007DFB0E4}.Debug|Any CPU.ActiveCfg = Debug|Any CPU
		{A14C7EA8-3DEC-4B6B-BF93-DB9007DFB0E4}.Debug|Any CPU.Build.0 = Debug|Any CPU
		{A14C7EA8-3DEC-4B6B-BF93-DB9007DFB0E4}.Release|Any CPU.ActiveCfg = Release|Any CPU
		{A14C7EA8-3DEC-4B6B-BF93-DB9007DFB0E4}.Release|Any CPU.Build.0 = Release|Any CPU
	EndGlobalSection
	GlobalSection(SolutionProperties) = preSolution
		HideSolutionNode = FALSE
	EndGlobalSection
	GlobalSection(ExtensibilityGlobals) = postSolution
		SolutionGuid = {8B8B6DA6-08B2-4C45-909B-013AD0EE430E}
	EndGlobalSection
EndGlobal
